// !$*UTF8*$!
{
	archiveVersion = 1;
	classes = {
	};
	objectVersion = 55;
	objects = {

/* Begin PBXBuildFile section */
		01D3A686286444F4005CC88F /* AppDelegate.swift in Sources */ = {isa = PBXBuildFile; fileRef = 01D3A685286444F4005CC88F /* AppDelegate.swift */; };
		01D3A688286444F4005CC88F /* SceneDelegate.swift in Sources */ = {isa = PBXBuildFile; fileRef = 01D3A687286444F4005CC88F /* SceneDelegate.swift */; };
		01D3A68D286444F4005CC88F /* Main.storyboard in Resources */ = {isa = PBXBuildFile; fileRef = 01D3A68B286444F4005CC88F /* Main.storyboard */; };
		01D3A68F286444F6005CC88F /* Assets.xcassets in Resources */ = {isa = PBXBuildFile; fileRef = 01D3A68E286444F6005CC88F /* Assets.xcassets */; };
		01D3A692286444F6005CC88F /* LaunchScreen.storyboard in Resources */ = {isa = PBXBuildFile; fileRef = 01D3A690286444F6005CC88F /* LaunchScreen.storyboard */; };
		01D3A69E28644541005CC88F /* MovieListViewModel.swift in Sources */ = {isa = PBXBuildFile; fileRef = 01D3A69D28644541005CC88F /* MovieListViewModel.swift */; };
		01D3A6A028644553005CC88F /* MovieListViewController.swift in Sources */ = {isa = PBXBuildFile; fileRef = 01D3A69F28644553005CC88F /* MovieListViewController.swift */; };
		01D3A6A2286475E8005CC88F /* MovieListProtocols.swift in Sources */ = {isa = PBXBuildFile; fileRef = 01D3A6A1286475E8005CC88F /* MovieListProtocols.swift */; };
		01D3A6A4286476DD005CC88F /* Movie.swift in Sources */ = {isa = PBXBuildFile; fileRef = 01D3A6A3286476DD005CC88F /* Movie.swift */; };
		01D3A6A6286478A5005CC88F /* Service.swift in Sources */ = {isa = PBXBuildFile; fileRef = 01D3A6A5286478A5005CC88F /* Service.swift */; };
		01D3A6A828659F50005CC88F /* MovieListTableViewCell.swift in Sources */ = {isa = PBXBuildFile; fileRef = 01D3A6A728659F50005CC88F /* MovieListTableViewCell.swift */; };
		01D3A6D5286B2ACD005CC88F /* MovieListDetailViewController.swift in Sources */ = {isa = PBXBuildFile; fileRef = 01D3A6D4286B2ACD005CC88F /* MovieListDetailViewController.swift */; };
		01D3A6D7286B2AD8005CC88F /* MovieListDetailViewModel.swift in Sources */ = {isa = PBXBuildFile; fileRef = 01D3A6D6286B2AD8005CC88F /* MovieListDetailViewModel.swift */; };
		01D3A6DA286B2AED005CC88F /* MovieListDetailProtocols.swift in Sources */ = {isa = PBXBuildFile; fileRef = 01D3A6D9286B2AED005CC88F /* MovieListDetailProtocols.swift */; };
		01D3A6DC286C718F005CC88F /* SingleMovie.swift in Sources */ = {isa = PBXBuildFile; fileRef = 01D3A6DB286C718F005CC88F /* SingleMovie.swift */; };
		01D3A71E28733956005CC88F /* Constants.swift in Sources */ = {isa = PBXBuildFile; fileRef = 01D3A71D28733955005CC88F /* Constants.swift */; };
		01D3A74128744F51005CC88F /* ImageCache.swift in Sources */ = {isa = PBXBuildFile; fileRef = 01D3A74028744F51005CC88F /* ImageCache.swift */; };
		01D3A74328744F84005CC88F /* ImageURLProtocol.swift in Sources */ = {isa = PBXBuildFile; fileRef = 01D3A74228744F84005CC88F /* ImageURLProtocol.swift */; };
		01D3A7662879CCC5005CC88F /* Alamofire in Frameworks */ = {isa = PBXBuildFile; productRef = 01D3A7652879CCC5005CC88F /* Alamofire */; };
		01D3A76C2879F73E005CC88F /* SnapKit in Frameworks */ = {isa = PBXBuildFile; productRef = 01D3A76B2879F73E005CC88F /* SnapKit */; };
/* End PBXBuildFile section */

/* Begin PBXFileReference section */
		01D3A682286444F3005CC88F /* MovieList - Mvvm.app */ = {isa = PBXFileReference; explicitFileType = wrapper.application; includeInIndex = 0; path = "MovieList - Mvvm.app"; sourceTree = BUILT_PRODUCTS_DIR; };
		01D3A685286444F4005CC88F /* AppDelegate.swift */ = {isa = PBXFileReference; lastKnownFileType = sourcecode.swift; path = AppDelegate.swift; sourceTree = "<group>"; };
		01D3A687286444F4005CC88F /* SceneDelegate.swift */ = {isa = PBXFileReference; lastKnownFileType = sourcecode.swift; path = SceneDelegate.swift; sourceTree = "<group>"; };
		01D3A68C286444F4005CC88F /* Base */ = {isa = PBXFileReference; lastKnownFileType = file.storyboard; name = Base; path = Base.lproj/Main.storyboard; sourceTree = "<group>"; };
		01D3A68E286444F6005CC88F /* Assets.xcassets */ = {isa = PBXFileReference; lastKnownFileType = folder.assetcatalog; path = Assets.xcassets; sourceTree = "<group>"; };
		01D3A691286444F6005CC88F /* Base */ = {isa = PBXFileReference; lastKnownFileType = file.storyboard; name = Base; path = Base.lproj/LaunchScreen.storyboard; sourceTree = "<group>"; };
		01D3A693286444F6005CC88F /* Info.plist */ = {isa = PBXFileReference; lastKnownFileType = text.plist.xml; path = Info.plist; sourceTree = "<group>"; };
		01D3A69D28644541005CC88F /* MovieListViewModel.swift */ = {isa = PBXFileReference; lastKnownFileType = sourcecode.swift; path = MovieListViewModel.swift; sourceTree = "<group>"; };
		01D3A69F28644553005CC88F /* MovieListViewController.swift */ = {isa = PBXFileReference; lastKnownFileType = sourcecode.swift; path = MovieListViewController.swift; sourceTree = "<group>"; };
		01D3A6A1286475E8005CC88F /* MovieListProtocols.swift */ = {isa = PBXFileReference; lastKnownFileType = sourcecode.swift; path = MovieListProtocols.swift; sourceTree = "<group>"; };
		01D3A6A3286476DD005CC88F /* Movie.swift */ = {isa = PBXFileReference; lastKnownFileType = sourcecode.swift; path = Movie.swift; sourceTree = "<group>"; };
		01D3A6A5286478A5005CC88F /* Service.swift */ = {isa = PBXFileReference; lastKnownFileType = sourcecode.swift; path = Service.swift; sourceTree = "<group>"; };
		01D3A6A728659F50005CC88F /* MovieListTableViewCell.swift */ = {isa = PBXFileReference; lastKnownFileType = sourcecode.swift; path = MovieListTableViewCell.swift; sourceTree = "<group>"; };
		01D3A6D4286B2ACD005CC88F /* MovieListDetailViewController.swift */ = {isa = PBXFileReference; lastKnownFileType = sourcecode.swift; path = MovieListDetailViewController.swift; sourceTree = "<group>"; };
		01D3A6D6286B2AD8005CC88F /* MovieListDetailViewModel.swift */ = {isa = PBXFileReference; lastKnownFileType = sourcecode.swift; path = MovieListDetailViewModel.swift; sourceTree = "<group>"; };
		01D3A6D9286B2AED005CC88F /* MovieListDetailProtocols.swift */ = {isa = PBXFileReference; lastKnownFileType = sourcecode.swift; path = MovieListDetailProtocols.swift; sourceTree = "<group>"; };
		01D3A6DB286C718F005CC88F /* SingleMovie.swift */ = {isa = PBXFileReference; lastKnownFileType = sourcecode.swift; path = SingleMovie.swift; sourceTree = "<group>"; };
		01D3A71D28733955005CC88F /* Constants.swift */ = {isa = PBXFileReference; lastKnownFileType = sourcecode.swift; path = Constants.swift; sourceTree = "<group>"; };
		01D3A74028744F51005CC88F /* ImageCache.swift */ = {isa = PBXFileReference; lastKnownFileType = sourcecode.swift; path = ImageCache.swift; sourceTree = "<group>"; };
		01D3A74228744F84005CC88F /* ImageURLProtocol.swift */ = {isa = PBXFileReference; lastKnownFileType = sourcecode.swift; path = ImageURLProtocol.swift; sourceTree = "<group>"; };
/* End PBXFileReference section */

/* Begin PBXFrameworksBuildPhase section */
		01D3A67F286444F3005CC88F /* Frameworks */ = {
			isa = PBXFrameworksBuildPhase;
			buildActionMask = 2147483647;
			files = (
				01D3A7662879CCC5005CC88F /* Alamofire in Frameworks */,
				01D3A76C2879F73E005CC88F /* SnapKit in Frameworks */,
			);
			runOnlyForDeploymentPostprocessing = 0;
		};
/* End PBXFrameworksBuildPhase section */

/* Begin PBXGroup section */
		01D3A679286444F3005CC88F = {
			isa = PBXGroup;
			children = (
				01D3A684286444F4005CC88F /* MovieList - Mvvm */,
				01D3A683286444F3005CC88F /* Products */,
			);
			sourceTree = "<group>";
		};
		01D3A683286444F3005CC88F /* Products */ = {
			isa = PBXGroup;
			children = (
				01D3A682286444F3005CC88F /* MovieList - Mvvm.app */,
			);
			name = Products;
			sourceTree = "<group>";
		};
		01D3A684286444F4005CC88F /* MovieList - Mvvm */ = {
			isa = PBXGroup;
			children = (
				01D3A73F28744F43005CC88F /* Helper */,
				01D3A6A92865A0B3005CC88F /* Service */,
				01D3A69B2864451F005CC88F /* Model */,
				01D3A6992864450D005CC88F /* ViewModel */,
				01D3A69A2864451A005CC88F /* View */,
				01D3A69C28644525005CC88F /* SupportingFiles */,
			);
			path = "MovieList - Mvvm";
			sourceTree = "<group>";
		};
		01D3A6992864450D005CC88F /* ViewModel */ = {
			isa = PBXGroup;
			children = (
				01D3A69D28644541005CC88F /* MovieListViewModel.swift */,
				01D3A6D6286B2AD8005CC88F /* MovieListDetailViewModel.swift */,
			);
			path = ViewModel;
			sourceTree = "<group>";
		};
		01D3A69A2864451A005CC88F /* View */ = {
			isa = PBXGroup;
			children = (
				01D3A69F28644553005CC88F /* MovieListViewController.swift */,
				01D3A6A728659F50005CC88F /* MovieListTableViewCell.swift */,
				01D3A6D4286B2ACD005CC88F /* MovieListDetailViewController.swift */,
			);
			path = View;
			sourceTree = "<group>";
		};
		01D3A69B2864451F005CC88F /* Model */ = {
			isa = PBXGroup;
			children = (
				01D3A6A1286475E8005CC88F /* MovieListProtocols.swift */,
				01D3A6D9286B2AED005CC88F /* MovieListDetailProtocols.swift */,
				01D3A6A3286476DD005CC88F /* Movie.swift */,
				01D3A6DB286C718F005CC88F /* SingleMovie.swift */,
			);
			path = Model;
			sourceTree = "<group>";
		};
		01D3A69C28644525005CC88F /* SupportingFiles */ = {
			isa = PBXGroup;
			children = (
				01D3A71D28733955005CC88F /* Constants.swift */,
				01D3A685286444F4005CC88F /* AppDelegate.swift */,
				01D3A687286444F4005CC88F /* SceneDelegate.swift */,
				01D3A68B286444F4005CC88F /* Main.storyboard */,
				01D3A68E286444F6005CC88F /* Assets.xcassets */,
				01D3A690286444F6005CC88F /* LaunchScreen.storyboard */,
				01D3A693286444F6005CC88F /* Info.plist */,
			);
			path = SupportingFiles;
			sourceTree = "<group>";
		};
		01D3A6A92865A0B3005CC88F /* Service */ = {
			isa = PBXGroup;
			children = (
				01D3A6A5286478A5005CC88F /* Service.swift */,
			);
			path = Service;
			sourceTree = "<group>";
		};
		01D3A73F28744F43005CC88F /* Helper */ = {
			isa = PBXGroup;
			children = (
				01D3A74028744F51005CC88F /* ImageCache.swift */,
				01D3A74228744F84005CC88F /* ImageURLProtocol.swift */,
			);
			path = Helper;
			sourceTree = "<group>";
		};
/* End PBXGroup section */

/* Begin PBXNativeTarget section */
		01D3A681286444F3005CC88F /* MovieList - Mvvm */ = {
			isa = PBXNativeTarget;
			buildConfigurationList = 01D3A696286444F6005CC88F /* Build configuration list for PBXNativeTarget "MovieList - Mvvm" */;
			buildPhases = (
				01D3A67E286444F3005CC88F /* Sources */,
				01D3A67F286444F3005CC88F /* Frameworks */,
				01D3A680286444F3005CC88F /* Resources */,
			);
			buildRules = (
			);
			dependencies = (
			);
			name = "MovieList - Mvvm";
			packageProductDependencies = (
				01D3A7652879CCC5005CC88F /* Alamofire */,
				01D3A76B2879F73E005CC88F /* SnapKit */,
			);
			productName = "MovieList - Mvvm";
			productReference = 01D3A682286444F3005CC88F /* MovieList - Mvvm.app */;
			productType = "com.apple.product-type.application";
		};
/* End PBXNativeTarget section */

/* Begin PBXProject section */
		01D3A67A286444F3005CC88F /* Project object */ = {
			isa = PBXProject;
			attributes = {
				BuildIndependentTargetsInParallel = 1;
				LastSwiftUpdateCheck = 1340;
				LastUpgradeCheck = 1340;
				TargetAttributes = {
					01D3A681286444F3005CC88F = {
						CreatedOnToolsVersion = 13.4.1;
					};
				};
			};
			buildConfigurationList = 01D3A67D286444F3005CC88F /* Build configuration list for PBXProject "MovieList - Mvvm" */;
			compatibilityVersion = "Xcode 13.0";
			developmentRegion = en;
			hasScannedForEncodings = 0;
			knownRegions = (
				en,
				Base,
			);
			mainGroup = 01D3A679286444F3005CC88F;
			packageReferences = (
				01D3A7642879CCC4005CC88F /* XCRemoteSwiftPackageReference "Alamofire" */,
				01D3A76A2879F73E005CC88F /* XCRemoteSwiftPackageReference "SnapKit" */,
			);
			productRefGroup = 01D3A683286444F3005CC88F /* Products */;
			projectDirPath = "";
			projectRoot = "";
			targets = (
				01D3A681286444F3005CC88F /* MovieList - Mvvm */,
			);
		};
/* End PBXProject section */

/* Begin PBXResourcesBuildPhase section */
		01D3A680286444F3005CC88F /* Resources */ = {
			isa = PBXResourcesBuildPhase;
			buildActionMask = 2147483647;
			files = (
				01D3A692286444F6005CC88F /* LaunchScreen.storyboard in Resources */,
				01D3A68F286444F6005CC88F /* Assets.xcassets in Resources */,
				01D3A68D286444F4005CC88F /* Main.storyboard in Resources */,
			);
			runOnlyForDeploymentPostprocessing = 0;
		};
/* End PBXResourcesBuildPhase section */

/* Begin PBXSourcesBuildPhase section */
		01D3A67E286444F3005CC88F /* Sources */ = {
			isa = PBXSourcesBuildPhase;
			buildActionMask = 2147483647;
			files = (
				01D3A6D7286B2AD8005CC88F /* MovieListDetailViewModel.swift in Sources */,
				01D3A6A028644553005CC88F /* MovieListViewController.swift in Sources */,
				01D3A6A6286478A5005CC88F /* Service.swift in Sources */,
				01D3A686286444F4005CC88F /* AppDelegate.swift in Sources */,
				01D3A6A4286476DD005CC88F /* Movie.swift in Sources */,
				01D3A688286444F4005CC88F /* SceneDelegate.swift in Sources */,
				01D3A69E28644541005CC88F /* MovieListViewModel.swift in Sources */,
				01D3A71E28733956005CC88F /* Constants.swift in Sources */,
				01D3A74328744F84005CC88F /* ImageURLProtocol.swift in Sources */,
				01D3A6A828659F50005CC88F /* MovieListTableViewCell.swift in Sources */,
				01D3A6A2286475E8005CC88F /* MovieListProtocols.swift in Sources */,
				01D3A6DA286B2AED005CC88F /* MovieListDetailProtocols.swift in Sources */,
				01D3A6DC286C718F005CC88F /* SingleMovie.swift in Sources */,
				01D3A74128744F51005CC88F /* ImageCache.swift in Sources */,
				01D3A6D5286B2ACD005CC88F /* MovieListDetailViewController.swift in Sources */,
			);
			runOnlyForDeploymentPostprocessing = 0;
		};
/* End PBXSourcesBuildPhase section */

/* Begin PBXVariantGroup section */
		01D3A68B286444F4005CC88F /* Main.storyboard */ = {
			isa = PBXVariantGroup;
			children = (
				01D3A68C286444F4005CC88F /* Base */,
			);
			name = Main.storyboard;
			sourceTree = "<group>";
		};
		01D3A690286444F6005CC88F /* LaunchScreen.storyboard */ = {
			isa = PBXVariantGroup;
			children = (
				01D3A691286444F6005CC88F /* Base */,
			);
			name = LaunchScreen.storyboard;
			sourceTree = "<group>";
		};
/* End PBXVariantGroup section */

/* Begin XCBuildConfiguration section */
		01D3A694286444F6005CC88F /* Debug */ = {
			isa = XCBuildConfiguration;
			buildSettings = {
				ALWAYS_SEARCH_USER_PATHS = NO;
				CLANG_ANALYZER_NONNULL = YES;
				CLANG_ANALYZER_NUMBER_OBJECT_CONVERSION = YES_AGGRESSIVE;
				CLANG_CXX_LANGUAGE_STANDARD = "gnu++17";
				CLANG_ENABLE_MODULES = YES;
				CLANG_ENABLE_OBJC_ARC = YES;
				CLANG_ENABLE_OBJC_WEAK = YES;
				CLANG_WARN_BLOCK_CAPTURE_AUTORELEASING = YES;
				CLANG_WARN_BOOL_CONVERSION = YES;
				CLANG_WARN_COMMA = YES;
				CLANG_WARN_CONSTANT_CONVERSION = YES;
				CLANG_WARN_DEPRECATED_OBJC_IMPLEMENTATIONS = YES;
				CLANG_WARN_DIRECT_OBJC_ISA_USAGE = YES_ERROR;
				CLANG_WARN_DOCUMENTATION_COMMENTS = YES;
				CLANG_WARN_EMPTY_BODY = YES;
				CLANG_WARN_ENUM_CONVERSION = YES;
				CLANG_WARN_INFINITE_RECURSION = YES;
				CLANG_WARN_INT_CONVERSION = YES;
				CLANG_WARN_NON_LITERAL_NULL_CONVERSION = YES;
				CLANG_WARN_OBJC_IMPLICIT_RETAIN_SELF = YES;
				CLANG_WARN_OBJC_LITERAL_CONVERSION = YES;
				CLANG_WARN_OBJC_ROOT_CLASS = YES_ERROR;
				CLANG_WARN_QUOTED_INCLUDE_IN_FRAMEWORK_HEADER = YES;
				CLANG_WARN_RANGE_LOOP_ANALYSIS = YES;
				CLANG_WARN_STRICT_PROTOTYPES = YES;
				CLANG_WARN_SUSPICIOUS_MOVE = YES;
				CLANG_WARN_UNGUARDED_AVAILABILITY = YES_AGGRESSIVE;
				CLANG_WARN_UNREACHABLE_CODE = YES;
				CLANG_WARN__DUPLICATE_METHOD_MATCH = YES;
				COPY_PHASE_STRIP = NO;
				DEBUG_INFORMATION_FORMAT = dwarf;
				ENABLE_STRICT_OBJC_MSGSEND = YES;
				ENABLE_TESTABILITY = YES;
				GCC_C_LANGUAGE_STANDARD = gnu11;
				GCC_DYNAMIC_NO_PIC = NO;
				GCC_NO_COMMON_BLOCKS = YES;
				GCC_OPTIMIZATION_LEVEL = 0;
				GCC_PREPROCESSOR_DEFINITIONS = (
					"DEBUG=1",
					"$(inherited)",
				);
				GCC_WARN_64_TO_32_BIT_CONVERSION = YES;
				GCC_WARN_ABOUT_RETURN_TYPE = YES_ERROR;
				GCC_WARN_UNDECLARED_SELECTOR = YES;
				GCC_WARN_UNINITIALIZED_AUTOS = YES_AGGRESSIVE;
				GCC_WARN_UNUSED_FUNCTION = YES;
				GCC_WARN_UNUSED_VARIABLE = YES;
				IPHONEOS_DEPLOYMENT_TARGET = 15.5;
				MTL_ENABLE_DEBUG_INFO = INCLUDE_SOURCE;
				MTL_FAST_MATH = YES;
				ONLY_ACTIVE_ARCH = YES;
				SDKROOT = iphoneos;
				SWIFT_ACTIVE_COMPILATION_CONDITIONS = DEBUG;
				SWIFT_OPTIMIZATION_LEVEL = "-Onone";
			};
			name = Debug;
		};
		01D3A695286444F6005CC88F /* Release */ = {
			isa = XCBuildConfiguration;
			buildSettings = {
				ALWAYS_SEARCH_USER_PATHS = NO;
				CLANG_ANALYZER_NONNULL = YES;
				CLANG_ANALYZER_NUMBER_OBJECT_CONVERSION = YES_AGGRESSIVE;
				CLANG_CXX_LANGUAGE_STANDARD = "gnu++17";
				CLANG_ENABLE_MODULES = YES;
				CLANG_ENABLE_OBJC_ARC = YES;
				CLANG_ENABLE_OBJC_WEAK = YES;
				CLANG_WARN_BLOCK_CAPTURE_AUTORELEASING = YES;
				CLANG_WARN_BOOL_CONVERSION = YES;
				CLANG_WARN_COMMA = YES;
				CLANG_WARN_CONSTANT_CONVERSION = YES;
				CLANG_WARN_DEPRECATED_OBJC_IMPLEMENTATIONS = YES;
				CLANG_WARN_DIRECT_OBJC_ISA_USAGE = YES_ERROR;
				CLANG_WARN_DOCUMENTATION_COMMENTS = YES;
				CLANG_WARN_EMPTY_BODY = YES;
				CLANG_WARN_ENUM_CONVERSION = YES;
				CLANG_WARN_INFINITE_RECURSION = YES;
				CLANG_WARN_INT_CONVERSION = YES;
				CLANG_WARN_NON_LITERAL_NULL_CONVERSION = YES;
				CLANG_WARN_OBJC_IMPLICIT_RETAIN_SELF = YES;
				CLANG_WARN_OBJC_LITERAL_CONVERSION = YES;
				CLANG_WARN_OBJC_ROOT_CLASS = YES_ERROR;
				CLANG_WARN_QUOTED_INCLUDE_IN_FRAMEWORK_HEADER = YES;
				CLANG_WARN_RANGE_LOOP_ANALYSIS = YES;
				CLANG_WARN_STRICT_PROTOTYPES = YES;
				CLANG_WARN_SUSPICIOUS_MOVE = YES;
				CLANG_WARN_UNGUARDED_AVAILABILITY = YES_AGGRESSIVE;
				CLANG_WARN_UNREACHABLE_CODE = YES;
				CLANG_WARN__DUPLICATE_METHOD_MATCH = YES;
				COPY_PHASE_STRIP = NO;
				DEBUG_INFORMATION_FORMAT = "dwarf-with-dsym";
				ENABLE_NS_ASSERTIONS = NO;
				ENABLE_STRICT_OBJC_MSGSEND = YES;
				GCC_C_LANGUAGE_STANDARD = gnu11;
				GCC_NO_COMMON_BLOCKS = YES;
				GCC_WARN_64_TO_32_BIT_CONVERSION = YES;
				GCC_WARN_ABOUT_RETURN_TYPE = YES_ERROR;
				GCC_WARN_UNDECLARED_SELECTOR = YES;
				GCC_WARN_UNINITIALIZED_AUTOS = YES_AGGRESSIVE;
				GCC_WARN_UNUSED_FUNCTION = YES;
				GCC_WARN_UNUSED_VARIABLE = YES;
				IPHONEOS_DEPLOYMENT_TARGET = 15.5;
				MTL_ENABLE_DEBUG_INFO = NO;
				MTL_FAST_MATH = YES;
				SDKROOT = iphoneos;
				SWIFT_COMPILATION_MODE = wholemodule;
				SWIFT_OPTIMIZATION_LEVEL = "-O";
				VALIDATE_PRODUCT = YES;
			};
			name = Release;
		};
		01D3A697286444F6005CC88F /* Debug */ = {
			isa = XCBuildConfiguration;
			buildSettings = {
				ASSETCATALOG_COMPILER_APPICON_NAME = AppIcon;
				ASSETCATALOG_COMPILER_GLOBAL_ACCENT_COLOR_NAME = AccentColor;
				CODE_SIGN_STYLE = Automatic;
				CURRENT_PROJECT_VERSION = 1;
				DEVELOPMENT_TEAM = XSY7H53P5K;
				GENERATE_INFOPLIST_FILE = YES;
				INFOPLIST_FILE = "MovieList - Mvvm/SupportingFiles/Info.plist";
				INFOPLIST_KEY_UIApplicationSupportsIndirectInputEvents = YES;
				INFOPLIST_KEY_UILaunchStoryboardName = LaunchScreen;
				INFOPLIST_KEY_UISupportedInterfaceOrientations_iPad = "UIInterfaceOrientationPortrait UIInterfaceOrientationPortraitUpsideDown UIInterfaceOrientationLandscapeLeft UIInterfaceOrientationLandscapeRight";
				INFOPLIST_KEY_UISupportedInterfaceOrientations_iPhone = "UIInterfaceOrientationPortrait UIInterfaceOrientationLandscapeLeft UIInterfaceOrientationLandscapeRight";
				LD_RUNPATH_SEARCH_PATHS = (
					"$(inherited)",
					"@executable_path/Frameworks",
				);
				MARKETING_VERSION = 1.0;
				PRODUCT_BUNDLE_IDENTIFIER = "CanerCagri.MovieList---Mvvm";
				PRODUCT_NAME = "$(TARGET_NAME)";
				SWIFT_EMIT_LOC_STRINGS = YES;
				SWIFT_VERSION = 5.0;
				TARGETED_DEVICE_FAMILY = "1,2";
			};
			name = Debug;
		};
		01D3A698286444F6005CC88F /* Release */ = {
			isa = XCBuildConfiguration;
			buildSettings = {
				ASSETCATALOG_COMPILER_APPICON_NAME = AppIcon;
				ASSETCATALOG_COMPILER_GLOBAL_ACCENT_COLOR_NAME = AccentColor;
				CODE_SIGN_STYLE = Automatic;
				CURRENT_PROJECT_VERSION = 1;
				DEVELOPMENT_TEAM = XSY7H53P5K;
				GENERATE_INFOPLIST_FILE = YES;
				INFOPLIST_FILE = "MovieList - Mvvm/SupportingFiles/Info.plist";
				INFOPLIST_KEY_UIApplicationSupportsIndirectInputEvents = YES;
				INFOPLIST_KEY_UILaunchStoryboardName = LaunchScreen;
				INFOPLIST_KEY_UISupportedInterfaceOrientations_iPad = "UIInterfaceOrientationPortrait UIInterfaceOrientationPortraitUpsideDown UIInterfaceOrientationLandscapeLeft UIInterfaceOrientationLandscapeRight";
				INFOPLIST_KEY_UISupportedInterfaceOrientations_iPhone = "UIInterfaceOrientationPortrait UIInterfaceOrientationLandscapeLeft UIInterfaceOrientationLandscapeRight";
				LD_RUNPATH_SEARCH_PATHS = (
					"$(inherited)",
					"@executable_path/Frameworks",
				);
				MARKETING_VERSION = 1.0;
				PRODUCT_BUNDLE_IDENTIFIER = "CanerCagri.MovieList---Mvvm";
				PRODUCT_NAME = "$(TARGET_NAME)";
				SWIFT_EMIT_LOC_STRINGS = YES;
				SWIFT_VERSION = 5.0;
				TARGETED_DEVICE_FAMILY = "1,2";
			};
			name = Release;
		};
/* End XCBuildConfiguration section */

/* Begin XCConfigurationList section */
		01D3A67D286444F3005CC88F /* Build configuration list for PBXProject "MovieList - Mvvm" */ = {
			isa = XCConfigurationList;
			buildConfigurations = (
				01D3A694286444F6005CC88F /* Debug */,
				01D3A695286444F6005CC88F /* Release */,
			);
			defaultConfigurationIsVisible = 0;
			defaultConfigurationName = Release;
		};
		01D3A696286444F6005CC88F /* Build configuration list for PBXNativeTarget "MovieList - Mvvm" */ = {
			isa = XCConfigurationList;
			buildConfigurations = (
				01D3A697286444F6005CC88F /* Debug */,
				01D3A698286444F6005CC88F /* Release */,
			);
			defaultConfigurationIsVisible = 0;
			defaultConfigurationName = Release;
		};
/* End XCConfigurationList section */

/* Begin XCRemoteSwiftPackageReference section */
		01D3A7642879CCC4005CC88F /* XCRemoteSwiftPackageReference "Alamofire" */ = {
			isa = XCRemoteSwiftPackageReference;
			repositoryURL = "https://github.com/Alamofire/Alamofire";
			requirement = {
				branch = master;
				kind = branch;
			};
		};
		01D3A76A2879F73E005CC88F /* XCRemoteSwiftPackageReference "SnapKit" */ = {
			isa = XCRemoteSwiftPackageReference;
			repositoryURL = "https://github.com/SnapKit/SnapKit";
			requirement = {
				branch = develop;
				kind = branch;
			};
		};
/* End XCRemoteSwiftPackageReference section */

/* Begin XCSwiftPackageProductDependency section */
		01D3A7652879CCC5005CC88F /* Alamofire */ = {
			isa = XCSwiftPackageProductDependency;
			package = 01D3A7642879CCC4005CC88F /* XCRemoteSwiftPackageReference "Alamofire" */;
			productName = Alamofire;
		};
		01D3A76B2879F73E005CC88F /* SnapKit */ = {
			isa = XCSwiftPackageProductDependency;
			package = 01D3A76A2879F73E005CC88F /* XCRemoteSwiftPackageReference "SnapKit" */;
			productName = SnapKit;
		};
/* End XCSwiftPackageProductDependency section */
	};
	rootObject = 01D3A67A286444F3005CC88F /* Project object */;
}
